
Microsoft Visual Studio Solution File, Format Version 12.00
# Visual Studio 15
Project("{FAE04EC0-301F-11D3-BF4B-00C04F79EFBC}") = "Assembly-CSharp", "Assembly-CSharp.csproj", "{F3D18081-C654-FEBB-F6FF-E801D807E89D}"
EndProject
Project("{FAE04EC0-301F-11D3-BF4B-00C04F79EFBC}") = "Assembly-CSharp-Editor", "Assembly-CSharp-Editor.csproj", "{752E25C1-E924-5F56-B41C-DC202F0D0974}"
EndProject
Global
	GlobalSection(SolutionConfigurationPlatforms) = preSolution
		Debug|Any CPU = Debug|Any CPU
		Release|Any CPU = Release|Any CPU
	EndGlobalSection
	GlobalSection(ProjectConfigurationPlatforms) = postSolution
		{F3D18081-C654-FEBB-F6FF-E801D807E89D}.Debug|Any CPU.ActiveCfg = Debug|Any CPU
		{F3D18081-C654-FEBB-F6FF-E801D807E89D}.Debug|Any CPU.Build.0 = Debug|Any CPU
		{F3D18081-C654-FEBB-F6FF-E801D807E89D}.Release|Any CPU.ActiveCfg = Release|Any CPU
		{F3D18081-C654-FEBB-F6FF-E801D807E89D}.Release|Any CPU.Build.0 = Release|Any CPU
		{752E25C1-E924-5F56-B41C-DC202F0D0974}.Debug|Any CPU.ActiveCfg = Debug|Any CPU
		{752E25C1-E924-5F56-B41C-DC202F0D0974}.Debug|Any CPU.Build.0 = Debug|Any CPU
		{752E25C1-E924-5F56-B41C-DC202F0D0974}.Release|Any CPU.ActiveCfg = Release|Any CPU
		{752E25C1-E924-5F56-B41C-DC202F0D0974}.Release|Any CPU.Build.0 = Release|Any CPU
	EndGlobalSection
	GlobalSection(SolutionProperties) = preSolution
		HideSolutionNode = FALSE
	EndGlobalSection
EndGlobal
